{
  "name": "wiffle-league",
  "version": "1.0.0",
  "lockfileVersion": 1,
  "requires": true,
  "dependencies": {
    "sortablejs": {
      "version": "1.10.2",
      "resolved": "https://registry.npmjs.org/sortablejs/-/sortablejs-1.10.2.tgz",
      "integrity": "sha512-YkPGufevysvfwn5rfdlGyrGjt7/CRHwvRPogD/lC+TnvcN29jDpCifKP+rBqf+LRldfXSTh+0CGLcSg0VIxq3A=="
    },
    "vuedraggable": {
      "version": "4.0.3",
      "resolved": "https://registry.npmjs.org/vuedraggable/-/vuedraggable-4.0.3.tgz",
      "integrity": "sha512-NkJYk+UyxgEoSQcgvVZtqY6dYpdXkBHS8aq6CqoJAfXVM9ZRYT0WPdlBbTttG4nCwllU2M5JGGgo9Drt/L0a7w==",
      "requires": {
        "sortablejs": "1.10.2"
      }
    }
  }
}
